// !$*UTF8*$!
{
	archiveVersion = 1;
	classes = {
	};
	objectVersion = 50;
	objects = {

/* Begin PBXBuildFile section */
		FA65E96F21A8F4E50003C6AD /* AppDelegate.swift in Sources */ = {isa = PBXBuildFile; fileRef = FA65E96E21A8F4E50003C6AD /* AppDelegate.swift */; };
		FA65E97121A8F4E50003C6AD /* ViewController.swift in Sources */ = {isa = PBXBuildFile; fileRef = FA65E97021A8F4E50003C6AD /* ViewController.swift */; };
		FA65E97421A8F4E50003C6AD /* Main.storyboard in Resources */ = {isa = PBXBuildFile; fileRef = FA65E97221A8F4E50003C6AD /* Main.storyboard */; };
		FA65E97621A8F4E70003C6AD /* Assets.xcassets in Resources */ = {isa = PBXBuildFile; fileRef = FA65E97521A8F4E70003C6AD /* Assets.xcassets */; };
		FA65E97921A8F4E70003C6AD /* LaunchScreen.storyboard in Resources */ = {isa = PBXBuildFile; fileRef = FA65E97721A8F4E70003C6AD /* LaunchScreen.storyboard */; };
		FA65E98421A8F4E70003C6AD /* HerenciaSwiftTests.swift in Sources */ = {isa = PBXBuildFile; fileRef = FA65E98321A8F4E70003C6AD /* HerenciaSwiftTests.swift */; };
		FA65E98F21A8F4E70003C6AD /* HerenciaSwiftUITests.swift in Sources */ = {isa = PBXBuildFile; fileRef = FA65E98E21A8F4E70003C6AD /* HerenciaSwiftUITests.swift */; };
		FA65E99D21A8F4FD0003C6AD /* Infectado.swift in Sources */ = {isa = PBXBuildFile; fileRef = FA65E99C21A8F4FD0003C6AD /* Infectado.swift */; };
		FA65E99F21A992E50003C6AD /* Boomer.swift in Sources */ = {isa = PBXBuildFile; fileRef = FA65E99E21A992E50003C6AD /* Boomer.swift */; };
		FA65E9A121A992EF0003C6AD /* Hunter.swift in Sources */ = {isa = PBXBuildFile; fileRef = FA65E9A021A992EF0003C6AD /* Hunter.swift */; };
		FA65E9A621A993980003C6AD /* FuncionesHorda.swift in Sources */ = {isa = PBXBuildFile; fileRef = FA65E9A521A993980003C6AD /* FuncionesHorda.swift */; };
		FA65E9A821A9A10C0003C6AD /* Horda.swift in Sources */ = {isa = PBXBuildFile; fileRef = FA65E9A721A9A10C0003C6AD /* Horda.swift */; };
/* End PBXBuildFile section */

/* Begin PBXContainerItemProxy section */
		FA65E98021A8F4E70003C6AD /* PBXContainerItemProxy */ = {
			isa = PBXContainerItemProxy;
			containerPortal = FA65E96321A8F4E50003C6AD /* Project object */;
			proxyType = 1;
			remoteGlobalIDString = FA65E96A21A8F4E50003C6AD;
			remoteInfo = HerenciaSwift;
		};
		FA65E98B21A8F4E70003C6AD /* PBXContainerItemProxy */ = {
			isa = PBXContainerItemProxy;
			containerPortal = FA65E96321A8F4E50003C6AD /* Project object */;
			proxyType = 1;
			remoteGlobalIDString = FA65E96A21A8F4E50003C6AD;
			remoteInfo = HerenciaSwift;
		};
/* End PBXContainerItemProxy section */

/* Begin PBXFileReference section */
		FA65E96B21A8F4E50003C6AD /* HerenciaSwift.app */ = {isa = PBXFileReference; explicitFileType = wrapper.application; includeInIndex = 0; path = HerenciaSwift.app; sourceTree = BUILT_PRODUCTS_DIR; };
		FA65E96E21A8F4E50003C6AD /* AppDelegate.swift */ = {isa = PBXFileReference; lastKnownFileType = sourcecode.swift; path = AppDelegate.swift; sourceTree = "<group>"; };
		FA65E97021A8F4E50003C6AD /* ViewController.swift */ = {isa = PBXFileReference; lastKnownFileType = sourcecode.swift; path = ViewController.swift; sourceTree = "<group>"; };
		FA65E97321A8F4E50003C6AD /* Base */ = {isa = PBXFileReference; lastKnownFileType = file.storyboard; name = Base; path = Base.lproj/Main.storyboard; sourceTree = "<group>"; };
		FA65E97521A8F4E70003C6AD /* Assets.xcassets */ = {isa = PBXFileReference; lastKnownFileType = folder.assetcatalog; path = Assets.xcassets; sourceTree = "<group>"; };
		FA65E97821A8F4E70003C6AD /* Base */ = {isa = PBXFileReference; lastKnownFileType = file.storyboard; name = Base; path = Base.lproj/LaunchScreen.storyboard; sourceTree = "<group>"; };
		FA65E97A21A8F4E70003C6AD /* Info.plist */ = {isa = PBXFileReference; lastKnownFileType = text.plist.xml; path = Info.plist; sourceTree = "<group>"; };
		FA65E97F21A8F4E70003C6AD /* HerenciaSwiftTests.xctest */ = {isa = PBXFileReference; explicitFileType = wrapper.cfbundle; includeInIndex = 0; path = HerenciaSwiftTests.xctest; sourceTree = BUILT_PRODUCTS_DIR; };
		FA65E98321A8F4E70003C6AD /* HerenciaSwiftTests.swift */ = {isa = PBXFileReference; lastKnownFileType = sourcecode.swift; path = HerenciaSwiftTests.swift; sourceTree = "<group>"; };
		FA65E98521A8F4E70003C6AD /* Info.plist */ = {isa = PBXFileReference; lastKnownFileType = text.plist.xml; path = Info.plist; sourceTree = "<group>"; };
		FA65E98A21A8F4E70003C6AD /* HerenciaSwiftUITests.xctest */ = {isa = PBXFileReference; explicitFileType = wrapper.cfbundle; includeInIndex = 0; path = HerenciaSwiftUITests.xctest; sourceTree = BUILT_PRODUCTS_DIR; };
		FA65E98E21A8F4E70003C6AD /* HerenciaSwiftUITests.swift */ = {isa = PBXFileReference; lastKnownFileType = sourcecode.swift; path = HerenciaSwiftUITests.swift; sourceTree = "<group>"; };
		FA65E99021A8F4E70003C6AD /* Info.plist */ = {isa = PBXFileReference; lastKnownFileType = text.plist.xml; path = Info.plist; sourceTree = "<group>"; };
		FA65E99C21A8F4FD0003C6AD /* Infectado.swift */ = {isa = PBXFileReference; lastKnownFileType = sourcecode.swift; path = Infectado.swift; sourceTree = "<group>"; };
		FA65E99E21A992E50003C6AD /* Boomer.swift */ = {isa = PBXFileReference; lastKnownFileType = sourcecode.swift; path = Boomer.swift; sourceTree = "<group>"; };
		FA65E9A021A992EF0003C6AD /* Hunter.swift */ = {isa = PBXFileReference; lastKnownFileType = sourcecode.swift; path = Hunter.swift; sourceTree = "<group>"; };
		FA65E9A521A993980003C6AD /* FuncionesHorda.swift */ = {isa = PBXFileReference; lastKnownFileType = sourcecode.swift; path = FuncionesHorda.swift; sourceTree = "<group>"; };
		FA65E9A721A9A10C0003C6AD /* Horda.swift */ = {isa = PBXFileReference; lastKnownFileType = sourcecode.swift; path = Horda.swift; sourceTree = "<group>"; };
/* End PBXFileReference section */

/* Begin PBXFrameworksBuildPhase section */
		FA65E96821A8F4E50003C6AD /* Frameworks */ = {
			isa = PBXFrameworksBuildPhase;
			buildActionMask = 2147483647;
			files = (
			);
			runOnlyForDeploymentPostprocessing = 0;
		};
		FA65E97C21A8F4E70003C6AD /* Frameworks */ = {
			isa = PBXFrameworksBuildPhase;
			buildActionMask = 2147483647;
			files = (
			);
			runOnlyForDeploymentPostprocessing = 0;
		};
		FA65E98721A8F4E70003C6AD /* Frameworks */ = {
			isa = PBXFrameworksBuildPhase;
			buildActionMask = 2147483647;
			files = (
			);
			runOnlyForDeploymentPostprocessing = 0;
		};
/* End PBXFrameworksBuildPhase section */

/* Begin PBXGroup section */
		FA65E96221A8F4E50003C6AD = {
			isa = PBXGroup;
			children = (
				FA65E96D21A8F4E50003C6AD /* HerenciaSwift */,
				FA65E98221A8F4E70003C6AD /* HerenciaSwiftTests */,
				FA65E98D21A8F4E70003C6AD /* HerenciaSwiftUITests */,
				FA65E96C21A8F4E50003C6AD /* Products */,
			);
			sourceTree = "<group>";
		};
		FA65E96C21A8F4E50003C6AD /* Products */ = {
			isa = PBXGroup;
			children = (
				FA65E96B21A8F4E50003C6AD /* HerenciaSwift.app */,
				FA65E97F21A8F4E70003C6AD /* HerenciaSwiftTests.xctest */,
				FA65E98A21A8F4E70003C6AD /* HerenciaSwiftUITests.xctest */,
			);
			name = Products;
			sourceTree = "<group>";
		};
		FA65E96D21A8F4E50003C6AD /* HerenciaSwift */ = {
			isa = PBXGroup;
			children = (
				FA65E9A421A993280003C6AD /* Clases */,
				FA65E96E21A8F4E50003C6AD /* AppDelegate.swift */,
				FA65E97021A8F4E50003C6AD /* ViewController.swift */,
				FA65E97221A8F4E50003C6AD /* Main.storyboard */,
				FA65E97521A8F4E70003C6AD /* Assets.xcassets */,
				FA65E97721A8F4E70003C6AD /* LaunchScreen.storyboard */,
				FA65E97A21A8F4E70003C6AD /* Info.plist */,
			);
			path = HerenciaSwift;
			sourceTree = "<group>";
		};
		FA65E98221A8F4E70003C6AD /* HerenciaSwiftTests */ = {
			isa = PBXGroup;
			children = (
				FA65E98321A8F4E70003C6AD /* HerenciaSwiftTests.swift */,
				FA65E98521A8F4E70003C6AD /* Info.plist */,
			);
			path = HerenciaSwiftTests;
			sourceTree = "<group>";
		};
		FA65E98D21A8F4E70003C6AD /* HerenciaSwiftUITests */ = {
			isa = PBXGroup;
			children = (
				FA65E98E21A8F4E70003C6AD /* HerenciaSwiftUITests.swift */,
				FA65E99021A8F4E70003C6AD /* Info.plist */,
			);
			path = HerenciaSwiftUITests;
			sourceTree = "<group>";
		};
		FA65E9A421A993280003C6AD /* Clases */ = {
			isa = PBXGroup;
			children = (
				FA65E99C21A8F4FD0003C6AD /* Infectado.swift */,
				FA65E99E21A992E50003C6AD /* Boomer.swift */,
				FA65E9A021A992EF0003C6AD /* Hunter.swift */,
				FA65E9A521A993980003C6AD /* FuncionesHorda.swift */,
				FA65E9A721A9A10C0003C6AD /* Horda.swift */,
			);
			path = Clases;
			sourceTree = "<group>";
		};
/* End PBXGroup section */

/* Begin PBXNativeTarget section */
		FA65E96A21A8F4E50003C6AD /* HerenciaSwift */ = {
			isa = PBXNativeTarget;
			buildConfigurationList = FA65E99321A8F4E70003C6AD /* Build configuration list for PBXNativeTarget "HerenciaSwift" */;
			buildPhases = (
				FA65E96721A8F4E50003C6AD /* Sources */,
				FA65E96821A8F4E50003C6AD /* Frameworks */,
				FA65E96921A8F4E50003C6AD /* Resources */,
			);
			buildRules = (
			);
			dependencies = (
			);
			name = HerenciaSwift;
			productName = HerenciaSwift;
			productReference = FA65E96B21A8F4E50003C6AD /* HerenciaSwift.app */;
			productType = "com.apple.product-type.application";
		};
		FA65E97E21A8F4E70003C6AD /* HerenciaSwiftTests */ = {
			isa = PBXNativeTarget;
			buildConfigurationList = FA65E99621A8F4E70003C6AD /* Build configuration list for PBXNativeTarget "HerenciaSwiftTests" */;
			buildPhases = (
				FA65E97B21A8F4E70003C6AD /* Sources */,
				FA65E97C21A8F4E70003C6AD /* Frameworks */,
				FA65E97D21A8F4E70003C6AD /* Resources */,
			);
			buildRules = (
			);
			dependencies = (
				FA65E98121A8F4E70003C6AD /* PBXTargetDependency */,
			);
			name = HerenciaSwiftTests;
			productName = HerenciaSwiftTests;
			productReference = FA65E97F21A8F4E70003C6AD /* HerenciaSwiftTests.xctest */;
			productType = "com.apple.product-type.bundle.unit-test";
		};
		FA65E98921A8F4E70003C6AD /* HerenciaSwiftUITests */ = {
			isa = PBXNativeTarget;
			buildConfigurationList = FA65E99921A8F4E70003C6AD /* Build configuration list for PBXNativeTarget "HerenciaSwiftUITests" */;
			buildPhases = (
				FA65E98621A8F4E70003C6AD /* Sources */,
				FA65E98721A8F4E70003C6AD /* Frameworks */,
				FA65E98821A8F4E70003C6AD /* Resources */,
			);
			buildRules = (
			);
			dependencies = (
				FA65E98C21A8F4E70003C6AD /* PBXTargetDependency */,
			);
			name = HerenciaSwiftUITests;
			productName = HerenciaSwiftUITests;
			productReference = FA65E98A21A8F4E70003C6AD /* HerenciaSwiftUITests.xctest */;
			productType = "com.apple.product-type.bundle.ui-testing";
		};
/* End PBXNativeTarget section */

/* Begin PBXProject section */
		FA65E96321A8F4E50003C6AD /* Project object */ = {
			isa = PBXProject;
			attributes = {
				LastSwiftUpdateCheck = 1010;
				LastUpgradeCheck = 1010;
				ORGANIZATIONNAME = dmorenoar;
				TargetAttributes = {
					FA65E96A21A8F4E50003C6AD = {
						CreatedOnToolsVersion = 10.1;
					};
					FA65E97E21A8F4E70003C6AD = {
						CreatedOnToolsVersion = 10.1;
						TestTargetID = FA65E96A21A8F4E50003C6AD;
					};
					FA65E98921A8F4E70003C6AD = {
						CreatedOnToolsVersion = 10.1;
						TestTargetID = FA65E96A21A8F4E50003C6AD;
					};
				};
			};
			buildConfigurationList = FA65E96621A8F4E50003C6AD /* Build configuration list for PBXProject "HerenciaSwift" */;
			compatibilityVersion = "Xcode 9.3";
			developmentRegion = en;
			hasScannedForEncodings = 0;
			knownRegions = (
				en,
				Base,
			);
			mainGroup = FA65E96221A8F4E50003C6AD;
			productRefGroup = FA65E96C21A8F4E50003C6AD /* Products */;
			projectDirPath = "";
			projectRoot = "";
			targets = (
				FA65E96A21A8F4E50003C6AD /* HerenciaSwift */,
				FA65E97E21A8F4E70003C6AD /* HerenciaSwiftTests */,
				FA65E98921A8F4E70003C6AD /* HerenciaSwiftUITests */,
			);
		};
/* End PBXProject section */

/* Begin PBXResourcesBuildPhase section */
		FA65E96921A8F4E50003C6AD /* Resources */ = {
			isa = PBXResourcesBuildPhase;
			buildActionMask = 2147483647;
			files = (
				FA65E97921A8F4E70003C6AD /* LaunchScreen.storyboard in Resources */,
				FA65E97621A8F4E70003C6AD /* Assets.xcassets in Resources */,
				FA65E97421A8F4E50003C6AD /* Main.storyboard in Resources */,
			);
			runOnlyForDeploymentPostprocessing = 0;
		};
		FA65E97D21A8F4E70003C6AD /* Resources */ = {
			isa = PBXResourcesBuildPhase;
			buildActionMask = 2147483647;
			files = (
			);
			runOnlyForDeploymentPostprocessing = 0;
		};
		FA65E98821A8F4E70003C6AD /* Resources */ = {
			isa = PBXResourcesBuildPhase;
			buildActionMask = 2147483647;
			files = (
			);
			runOnlyForDeploymentPostprocessing = 0;
		};
/* End PBXResourcesBuildPhase section */

/* Begin PBXSourcesBuildPhase section */
		FA65E96721A8F4E50003C6AD /* Sources */ = {
			isa = PBXSourcesBuildPhase;
			buildActionMask = 2147483647;
			files = (
				FA65E9A121A992EF0003C6AD /* Hunter.swift in Sources */,
				FA65E9A821A9A10C0003C6AD /* Horda.swift in Sources */,
				FA65E9A621A993980003C6AD /* FuncionesHorda.swift in Sources */,
				FA65E99D21A8F4FD0003C6AD /* Infectado.swift in Sources */,
				FA65E97121A8F4E50003C6AD /* ViewController.swift in Sources */,
				FA65E96F21A8F4E50003C6AD /* AppDelegate.swift in Sources */,
				FA65E99F21A992E50003C6AD /* Boomer.swift in Sources */,
			);
			runOnlyForDeploymentPostprocessing = 0;
		};
		FA65E97B21A8F4E70003C6AD /* Sources */ = {
			isa = PBXSourcesBuildPhase;
			buildActionMask = 2147483647;
			files = (
				FA65E98421A8F4E70003C6AD /* HerenciaSwiftTests.swift in Sources */,
			);
			runOnlyForDeploymentPostprocessing = 0;
		};
		FA65E98621A8F4E70003C6AD /* Sources */ = {
			isa = PBXSourcesBuildPhase;
			buildActionMask = 2147483647;
			files = (
				FA65E98F21A8F4E70003C6AD /* HerenciaSwiftUITests.swift in Sources */,
			);
			runOnlyForDeploymentPostprocessing = 0;
		};
/* End PBXSourcesBuildPhase section */

/* Begin PBXTargetDependency section */
		FA65E98121A8F4E70003C6AD /* PBXTargetDependency */ = {
			isa = PBXTargetDependency;
			target = FA65E96A21A8F4E50003C6AD /* HerenciaSwift */;
			targetProxy = FA65E98021A8F4E70003C6AD /* PBXContainerItemProxy */;
		};
		FA65E98C21A8F4E70003C6AD /* PBXTargetDependency */ = {
			isa = PBXTargetDependency;
			target = FA65E96A21A8F4E50003C6AD /* HerenciaSwift */;
			targetProxy = FA65E98B21A8F4E70003C6AD /* PBXContainerItemProxy */;
		};
/* End PBXTargetDependency section */

/* Begin PBXVariantGroup section */
		FA65E97221A8F4E50003C6AD /* Main.storyboard */ = {
			isa = PBXVariantGroup;
			children = (
				FA65E97321A8F4E50003C6AD /* Base */,
			);
			name = Main.storyboard;
			sourceTree = "<group>";
		};
		FA65E97721A8F4E70003C6AD /* LaunchScreen.storyboard */ = {
			isa = PBXVariantGroup;
			children = (
				FA65E97821A8F4E70003C6AD /* Base */,
			);
			name = LaunchScreen.storyboard;
			sourceTree = "<group>";
		};
/* End PBXVariantGroup section */

/* Begin XCBuildConfiguration section */
		FA65E99121A8F4E70003C6AD /* Debug */ = {
			isa = XCBuildConfiguration;
			buildSettings = {
				ALWAYS_SEARCH_USER_PATHS = NO;
				CLANG_ANALYZER_NONNULL = YES;
				CLANG_ANALYZER_NUMBER_OBJECT_CONVERSION = YES_AGGRESSIVE;
				CLANG_CXX_LANGUAGE_STANDARD = "gnu++14";
				CLANG_CXX_LIBRARY = "libc++";
				CLANG_ENABLE_MODULES = YES;
				CLANG_ENABLE_OBJC_ARC = YES;
				CLANG_ENABLE_OBJC_WEAK = YES;
				CLANG_WARN_BLOCK_CAPTURE_AUTORELEASING = YES;
				CLANG_WARN_BOOL_CONVERSION = YES;
				CLANG_WARN_COMMA = YES;
				CLANG_WARN_CONSTANT_CONVERSION = YES;
				CLANG_WARN_DEPRECATED_OBJC_IMPLEMENTATIONS = YES;
				CLANG_WARN_DIRECT_OBJC_ISA_USAGE = YES_ERROR;
				CLANG_WARN_DOCUMENTATION_COMMENTS = YES;
				CLANG_WARN_EMPTY_BODY = YES;
				CLANG_WARN_ENUM_CONVERSION = YES;
				CLANG_WARN_INFINITE_RECURSION = YES;
				CLANG_WARN_INT_CONVERSION = YES;
				CLANG_WARN_NON_LITERAL_NULL_CONVERSION = YES;
				CLANG_WARN_OBJC_IMPLICIT_RETAIN_SELF = YES;
				CLANG_WARN_OBJC_LITERAL_CONVERSION = YES;
				CLANG_WARN_OBJC_ROOT_CLASS = YES_ERROR;
				CLANG_WARN_RANGE_LOOP_ANALYSIS = YES;
				CLANG_WARN_STRICT_PROTOTYPES = YES;
				CLANG_WARN_SUSPICIOUS_MOVE = YES;
				CLANG_WARN_UNGUARDED_AVAILABILITY = YES_AGGRESSIVE;
				CLANG_WARN_UNREACHABLE_CODE = YES;
				CLANG_WARN__DUPLICATE_METHOD_MATCH = YES;
				CODE_SIGN_IDENTITY = "iPhone Developer";
				COPY_PHASE_STRIP = NO;
				DEBUG_INFORMATION_FORMAT = dwarf;
				ENABLE_STRICT_OBJC_MSGSEND = YES;
				ENABLE_TESTABILITY = YES;
				GCC_C_LANGUAGE_STANDARD = gnu11;
				GCC_DYNAMIC_NO_PIC = NO;
				GCC_NO_COMMON_BLOCKS = YES;
				GCC_OPTIMIZATION_LEVEL = 0;
				GCC_PREPROCESSOR_DEFINITIONS = (
					"DEBUG=1",
					"$(inherited)",
				);
				GCC_WARN_64_TO_32_BIT_CONVERSION = YES;
				GCC_WARN_ABOUT_RETURN_TYPE = YES_ERROR;
				GCC_WARN_UNDECLARED_SELECTOR = YES;
				GCC_WARN_UNINITIALIZED_AUTOS = YES_AGGRESSIVE;
				GCC_WARN_UNUSED_FUNCTION = YES;
				GCC_WARN_UNUSED_VARIABLE = YES;
				IPHONEOS_DEPLOYMENT_TARGET = 12.1;
				MTL_ENABLE_DEBUG_INFO = INCLUDE_SOURCE;
				MTL_FAST_MATH = YES;
				ONLY_ACTIVE_ARCH = YES;
				SDKROOT = iphoneos;
				SWIFT_ACTIVE_COMPILATION_CONDITIONS = DEBUG;
				SWIFT_OPTIMIZATION_LEVEL = "-Onone";
			};
			name = Debug;
		};
		FA65E99221A8F4E70003C6AD /* Release */ = {
			isa = XCBuildConfiguration;
			buildSettings = {
				ALWAYS_SEARCH_USER_PATHS = NO;
				CLANG_ANALYZER_NONNULL = YES;
				CLANG_ANALYZER_NUMBER_OBJECT_CONVERSION = YES_AGGRESSIVE;
				CLANG_CXX_LANGUAGE_STANDARD = "gnu++14";
				CLANG_CXX_LIBRARY = "libc++";
				CLANG_ENABLE_MODULES = YES;
				CLANG_ENABLE_OBJC_ARC = YES;
				CLANG_ENABLE_OBJC_WEAK = YES;
				CLANG_WARN_BLOCK_CAPTURE_AUTORELEASING = YES;
				CLANG_WARN_BOOL_CONVERSION = YES;
				CLANG_WARN_COMMA = YES;
				CLANG_WARN_CONSTANT_CONVERSION = YES;
				CLANG_WARN_DEPRECATED_OBJC_IMPLEMENTATIONS = YES;
				CLANG_WARN_DIRECT_OBJC_ISA_USAGE = YES_ERROR;
				CLANG_WARN_DOCUMENTATION_COMMENTS = YES;
				CLANG_WARN_EMPTY_BODY = YES;
				CLANG_WARN_ENUM_CONVERSION = YES;
				CLANG_WARN_INFINITE_RECURSION = YES;
				CLANG_WARN_INT_CONVERSION = YES;
				CLANG_WARN_NON_LITERAL_NULL_CONVERSION = YES;
				CLANG_WARN_OBJC_IMPLICIT_RETAIN_SELF = YES;
				CLANG_WARN_OBJC_LITERAL_CONVERSION = YES;
				CLANG_WARN_OBJC_ROOT_CLASS = YES_ERROR;
				CLANG_WARN_RANGE_LOOP_ANALYSIS = YES;
				CLANG_WARN_STRICT_PROTOTYPES = YES;
				CLANG_WARN_SUSPICIOUS_MOVE = YES;
				CLANG_WARN_UNGUARDED_AVAILABILITY = YES_AGGRESSIVE;
				CLANG_WARN_UNREACHABLE_CODE = YES;
				CLANG_WARN__DUPLICATE_METHOD_MATCH = YES;
				CODE_SIGN_IDENTITY = "iPhone Developer";
				COPY_PHASE_STRIP = NO;
				DEBUG_INFORMATION_FORMAT = "dwarf-with-dsym";
				ENABLE_NS_ASSERTIONS = NO;
				ENABLE_STRICT_OBJC_MSGSEND = YES;
				GCC_C_LANGUAGE_STANDARD = gnu11;
				GCC_NO_COMMON_BLOCKS = YES;
				GCC_WARN_64_TO_32_BIT_CONVERSION = YES;
				GCC_WARN_ABOUT_RETURN_TYPE = YES_ERROR;
				GCC_WARN_UNDECLARED_SELECTOR = YES;
				GCC_WARN_UNINITIALIZED_AUTOS = YES_AGGRESSIVE;
				GCC_WARN_UNUSED_FUNCTION = YES;
				GCC_WARN_UNUSED_VARIABLE = YES;
				IPHONEOS_DEPLOYMENT_TARGET = 12.1;
				MTL_ENABLE_DEBUG_INFO = NO;
				MTL_FAST_MATH = YES;
				SDKROOT = iphoneos;
				SWIFT_COMPILATION_MODE = wholemodule;
				SWIFT_OPTIMIZATION_LEVEL = "-O";
				VALIDATE_PRODUCT = YES;
			};
			name = Release;
		};
		FA65E99421A8F4E70003C6AD /* Debug */ = {
			isa = XCBuildConfiguration;
			buildSettings = {
				ASSETCATALOG_COMPILER_APPICON_NAME = AppIcon;
				CODE_SIGN_STYLE = Automatic;
				INFOPLIST_FILE = HerenciaSwift/Info.plist;
				LD_RUNPATH_SEARCH_PATHS = (
					"$(inherited)",
					"@executable_path/Frameworks",
				);
				PRODUCT_BUNDLE_IDENTIFIER = dmorenoar.stucom.HerenciaSwift;
				PRODUCT_NAME = "$(TARGET_NAME)";
				SWIFT_VERSION = 4.2;
				TARGETED_DEVICE_FAMILY = "1,2";
			};
			name = Debug;
		};
		FA65E99521A8F4E70003C6AD /* Release */ = {
			isa = XCBuildConfiguration;
			buildSettings = {
				ASSETCATALOG_COMPILER_APPICON_NAME = AppIcon;
				CODE_SIGN_STYLE = Automatic;
				INFOPLIST_FILE = HerenciaSwift/Info.plist;
				LD_RUNPATH_SEARCH_PATHS = (
					"$(inherited)",
					"@executable_path/Frameworks",
				);
				PRODUCT_BUNDLE_IDENTIFIER = dmorenoar.stucom.HerenciaSwift;
				PRODUCT_NAME = "$(TARGET_NAME)";
				SWIFT_VERSION = 4.2;
				TARGETED_DEVICE_FAMILY = "1,2";
			};
			name = Release;
		};
		FA65E99721A8F4E70003C6AD /* Debug */ = {
			isa = XCBuildConfiguration;
			buildSettings = {
				ALWAYS_EMBED_SWIFT_STANDARD_LIBRARIES = YES;
				BUNDLE_LOADER = "$(TEST_HOST)";
				CODE_SIGN_STYLE = Automatic;
				INFOPLIST_FILE = HerenciaSwiftTests/Info.plist;
				LD_RUNPATH_SEARCH_PATHS = (
					"$(inherited)",
					"@executable_path/Frameworks",
					"@loader_path/Frameworks",
				);
				PRODUCT_BUNDLE_IDENTIFIER = dmorenoar.stucom.HerenciaSwiftTests;
				PRODUCT_NAME = "$(TARGET_NAME)";
				SWIFT_VERSION = 4.2;
				TARGETED_DEVICE_FAMILY = "1,2";
				TEST_HOST = "$(BUILT_PRODUCTS_DIR)/HerenciaSwift.app/HerenciaSwift";
			};
			name = Debug;
		};
		FA65E99821A8F4E70003C6AD /* Release */ = {
			isa = XCBuildConfiguration;
			buildSettings = {
				ALWAYS_EMBED_SWIFT_STANDARD_LIBRARIES = YES;
				BUNDLE_LOADER = "$(TEST_HOST)";
				CODE_SIGN_STYLE = Automatic;
				INFOPLIST_FILE = HerenciaSwiftTests/Info.plist;
				LD_RUNPATH_SEARCH_PATHS = (
					"$(inherited)",
					"@executable_path/Frameworks",
					"@loader_path/Frameworks",
				);
				PRODUCT_BUNDLE_IDENTIFIER = dmorenoar.stucom.HerenciaSwiftTests;
				PRODUCT_NAME = "$(TARGET_NAME)";
				SWIFT_VERSION = 4.2;
				TARGETED_DEVICE_FAMILY = "1,2";
				TEST_HOST = "$(BUILT_PRODUCTS_DIR)/HerenciaSwift.app/HerenciaSwift";
			};
			name = Release;
		};
		FA65E99A21A8F4E70003C6AD /* Debug */ = {
			isa = XCBuildConfiguration;
			buildSettings = {
				ALWAYS_EMBED_SWIFT_STANDARD_LIBRARIES = YES;
				CODE_SIGN_STYLE = Automatic;
				INFOPLIST_FILE = HerenciaSwiftUITests/Info.plist;
				LD_RUNPATH_SEARCH_PATHS = (
					"$(inherited)",
					"@executable_path/Frameworks",
					"@loader_path/Frameworks",
				);
				PRODUCT_BUNDLE_IDENTIFIER = dmorenoar.stucom.HerenciaSwiftUITests;
				PRODUCT_NAME = "$(TARGET_NAME)";
				SWIFT_VERSION = 4.2;
				TARGETED_DEVICE_FAMILY = "1,2";
				TEST_TARGET_NAME = HerenciaSwift;
			};
			name = Debug;
		};
		FA65E99B21A8F4E70003C6AD /* Release */ = {
			isa = XCBuildConfiguration;
			buildSettings = {
				ALWAYS_EMBED_SWIFT_STANDARD_LIBRARIES = YES;
				CODE_SIGN_STYLE = Automatic;
				INFOPLIST_FILE = HerenciaSwiftUITests/Info.plist;
				LD_RUNPATH_SEARCH_PATHS = (
					"$(inherited)",
					"@executable_path/Frameworks",
					"@loader_path/Frameworks",
				);
				PRODUCT_BUNDLE_IDENTIFIER = dmorenoar.stucom.HerenciaSwiftUITests;
				PRODUCT_NAME = "$(TARGET_NAME)";
				SWIFT_VERSION = 4.2;
				TARGETED_DEVICE_FAMILY = "1,2";
				TEST_TARGET_NAME = HerenciaSwift;
			};
			name = Release;
		};
/* End XCBuildConfiguration section */

/* Begin XCConfigurationList section */
		FA65E96621A8F4E50003C6AD /* Build configuration list for PBXProject "HerenciaSwift" */ = {
			isa = XCConfigurationList;
			buildConfigurations = (
				FA65E99121A8F4E70003C6AD /* Debug */,
				FA65E99221A8F4E70003C6AD /* Release */,
			);
			defaultConfigurationIsVisible = 0;
			defaultConfigurationName = Release;
		};
		FA65E99321A8F4E70003C6AD /* Build configuration list for PBXNativeTarget "HerenciaSwift" */ = {
			isa = XCConfigurationList;
			buildConfigurations = (
				FA65E99421A8F4E70003C6AD /* Debug */,
				FA65E99521A8F4E70003C6AD /* Release */,
			);
			defaultConfigurationIsVisible = 0;
			defaultConfigurationName = Release;
		};
		FA65E99621A8F4E70003C6AD /* Build configuration list for PBXNativeTarget "HerenciaSwiftTests" */ = {
			isa = XCConfigurationList;
			buildConfigurations = (
				FA65E99721A8F4E70003C6AD /* Debug */,
				FA65E99821A8F4E70003C6AD /* Release */,
			);
			defaultConfigurationIsVisible = 0;
			defaultConfigurationName = Release;
		};
		FA65E99921A8F4E70003C6AD /* Build configuration list for PBXNativeTarget "HerenciaSwiftUITests" */ = {
			isa = XCConfigurationList;
			buildConfigurations = (
				FA65E99A21A8F4E70003C6AD /* Debug */,
				FA65E99B21A8F4E70003C6AD /* Release */,
			);
			defaultConfigurationIsVisible = 0;
			defaultConfigurationName = Release;
		};
/* End XCConfigurationList section */
	};
	rootObject = FA65E96321A8F4E50003C6AD /* Project object */;
}
